{
    "_readme": [
        "This file locks the dependencies of your project to a known state",
        "Read more about it at https://getcomposer.org/doc/01-basic-usage.md#composer-lock-the-lock-file",
        "This file is @generated automatically"
    ],
    "hash": "5fd8dba1c9d1d6ce78aed77dafdf68ac",
    "content-hash": "42898e815c48e19d31f44d8bac7601ad",
    "packages": [
        {
            "name": "phpdocumentor/reflection-common",
            "version": "1.0",
            "source": {
                "type": "git",
                "url": "https://github.com/phpDocumentor/ReflectionCommon.git",
                "reference": "144c307535e82c8fdcaacbcfc1d6d8eeb896687c"
            },
            "dist": {
                "type": "zip",
                "url": "https://api.github.com/repos/phpDocumentor/ReflectionCommon/zipball/144c307535e82c8fdcaacbcfc1d6d8eeb896687c",
                "reference": "144c307535e82c8fdcaacbcfc1d6d8eeb896687c",
                "shasum": ""
            },
            "require": {
                "php": ">=5.5"
            },
            "require-dev": {
                "phpunit/phpunit": "^4.6"
            },
            "type": "library",
            "extra": {
                "branch-alias": {
                    "dev-master": "1.0.x-dev"
                }
            },
            "autoload": {
                "psr-4": {
                    "phpDocumentor\\Reflection\\": [
                        "src"
                    ]
                }
            },
            "notification-url": "https://packagist.org/downloads/",
            "license": [
                "MIT"
            ],
            "authors": [
                {
                    "name": "Jaap van Otterdijk",
                    "email": "opensource@ijaap.nl"
                }
            ],
            "description": "Common reflection classes used by phpdocumentor to reflect the code structure",
            "homepage": "http://www.phpdoc.org",
            "keywords": [
                "FQSEN",
                "phpDocumentor",
                "phpdoc",
                "reflection",
                "static analysis"
            ],
            "time": "2015-12-27 11:43:31"
        },
        {
            "name": "phpdocumentor/reflection-docblock",
            "version": "3.0.0",
            "source": {
                "type": "git",
                "url": "https://github.com/phpDocumentor/ReflectionDocBlock.git",
                "reference": "332c96dab8309293384505593ed7259c35a143e2"
            },
            "dist": {
                "type": "zip",
                "url": "https://api.github.com/repos/phpDocumentor/ReflectionDocBlock/zipball/332c96dab8309293384505593ed7259c35a143e2",
                "reference": "332c96dab8309293384505593ed7259c35a143e2",
                "shasum": ""
            },
            "require": {
                "php": ">=5.5",
                "phpdocumentor/reflection-common": "^1.0@dev",
                "phpdocumentor/type-resolver": "^0.1.5",
                "webmozart/assert": "^1.0"
            },
            "require-dev": {
                "mockery/mockery": "^0.9.4",
                "phpunit/phpunit": "^4.4"
            },
            "type": "library",
            "autoload": {
                "psr-4": {
                    "phpDocumentor\\Reflection\\": [
                        "src/"
                    ]
                }
            },
            "notification-url": "https://packagist.org/downloads/",
            "license": [
                "MIT"
            ],
            "authors": [
                {
                    "name": "Mike van Riel",
                    "email": "me@mikevanriel.com"
                }
            ],
            "description": "With this component, a library can provide support for annotations via DocBlocks or otherwise retrieve information that is embedded in a DocBlock.",
            "time": "2016-01-28 12:45:51"
        },
        {
            "name": "phpdocumentor/type-resolver",
            "version": "0.1.6",
            "source": {
                "type": "git",
                "url": "https://github.com/phpDocumentor/TypeResolver.git",
                "reference": "60fe23665f018d608a7113acc9ab17a69fb87871"
            },
            "dist": {
                "type": "zip",
                "url": "https://api.github.com/repos/phpDocumentor/TypeResolver/zipball/60fe23665f018d608a7113acc9ab17a69fb87871",
                "reference": "60fe23665f018d608a7113acc9ab17a69fb87871",
                "shasum": ""
            },
            "require": {
                "php": ">=5.5",
                "phpdocumentor/reflection-common": "^1.0@dev"
            },
            "require-dev": {
                "mockery/mockery": "^0.9.4",
                "phpunit/phpunit": "^4.6"
            },
            "type": "library",
            "extra": {
                "branch-alias": {
                    "dev-master": "1.0.x-dev"
                }
            },
            "autoload": {
                "psr-4": {
                    "phpDocumentor\\Reflection\\": [
                        "src/"
                    ]
                }
            },
            "notification-url": "https://packagist.org/downloads/",
            "license": [
                "MIT"
            ],
            "authors": [
                {
                    "name": "Mike van Riel",
                    "email": "me@mikevanriel.com"
                }
            ],
            "time": "2015-12-02 08:05:55"
        },
        {
            "name": "webmozart/assert",
            "version": "1.0.2",
            "source": {
                "type": "git",
                "url": "https://github.com/webmozart/assert.git",
                "reference": "30eed06dd6bc88410a4ff7f77b6d22f3ce13dbde"
            },
            "dist": {
                "type": "zip",
                "url": "https://api.github.com/repos/webmozart/assert/zipball/30eed06dd6bc88410a4ff7f77b6d22f3ce13dbde",
                "reference": "30eed06dd6bc88410a4ff7f77b6d22f3ce13dbde",
                "shasum": ""
            },
            "require": {
                "php": ">=5.3.3"
            },
            "require-dev": {
                "phpunit/phpunit": "^4.6"
            },
            "type": "library",
            "extra": {
                "branch-alias": {
                    "dev-master": "1.0-dev"
                }
            },
            "autoload": {
                "psr-4": {
                    "Webmozart\\Assert\\": "src/"
                }
            },
            "notification-url": "https://packagist.org/downloads/",
            "license": [
                "MIT"
            ],
            "authors": [
                {
                    "name": "Bernhard Schussek",
                    "email": "bschussek@gmail.com"
                }
            ],
            "description": "Assertions to validate method input/output with nice error messages.",
            "keywords": [
                "assert",
                "check",
                "validate"
            ],
            "time": "2015-08-24 13:29:44"
        }
    ],
    "packages-dev": [],
    "aliases": [],
    "minimum-stability": "stable",
    "stability-flags": [],
    "prefer-stable": false,
    "prefer-lowest": false,
    "platform": [],
    "platform-dev": []
}
